{
  "object": {
    "pins": [
      {
        "package": "KokteylLog",
        "repositoryURL": "https://github.com/kokteyldev/KOKTEYL-LOG-SDK.git",
        "state": {
          "branch": null,
          "revision": "d4cf651e3c3d591748a8887a0a04ab0f5bf7c81c",
          "version": "1.1.4"
        }
      }
    ]
  },
  "version": 1
}
